// !$*UTF8*$!
{
	archiveVersion = 1;
	classes = {
	};
	objectVersion = 50;
	objects = {

/* Begin PBXBuildFile section */
		53ACF83A22B6933000579F81 /* AppDelegate.m in Sources */ = {isa = PBXBuildFile; fileRef = 53ACF83922B6933000579F81 /* AppDelegate.m */; };
		53ACF83D22B6933000579F81 /* ViewController.m in Sources */ = {isa = PBXBuildFile; fileRef = 53ACF83C22B6933000579F81 /* ViewController.m */; };
		53ACF84022B6933000579F81 /* Main.storyboard in Resources */ = {isa = PBXBuildFile; fileRef = 53ACF83E22B6933000579F81 /* Main.storyboard */; };
		53ACF84222B6933100579F81 /* Assets.xcassets in Resources */ = {isa = PBXBuildFile; fileRef = 53ACF84122B6933100579F81 /* Assets.xcassets */; };
		53ACF84522B6933100579F81 /* LaunchScreen.storyboard in Resources */ = {isa = PBXBuildFile; fileRef = 53ACF84322B6933100579F81 /* LaunchScreen.storyboard */; };
		53ACF84822B6933100579F81 /* main.m in Sources */ = {isa = PBXBuildFile; fileRef = 53ACF84722B6933100579F81 /* main.m */; };
		53ACF85D22B6938200579F81 /* TestViewController1.m in Sources */ = {isa = PBXBuildFile; fileRef = 53ACF85C22B6938200579F81 /* TestViewController1.m */; };
		53ACF88C22B6959600579F81 /* PSSEventSet.m in Sources */ = {isa = PBXBuildFile; fileRef = 53ACF88422B6959600579F81 /* PSSEventSet.m */; };
		53ACF88D22B6959600579F81 /* PSSNotificationCenter.m in Sources */ = {isa = PBXBuildFile; fileRef = 53ACF88522B6959600579F81 /* PSSNotificationCenter.m */; };
		53ACF88E22B6959600579F81 /* NSObject+PSSNotification.m in Sources */ = {isa = PBXBuildFile; fileRef = 53ACF88622B6959600579F81 /* NSObject+PSSNotification.m */; };
		53ACF88F22B6959600579F81 /* PSSBlockObject.m in Sources */ = {isa = PBXBuildFile; fileRef = 53ACF88B22B6959600579F81 /* PSSBlockObject.m */; };
/* End PBXBuildFile section */

/* Begin PBXFileReference section */
		53ACF83522B6933000579F81 /* WJGNotification.app */ = {isa = PBXFileReference; explicitFileType = wrapper.application; includeInIndex = 0; path = WJGNotification.app; sourceTree = BUILT_PRODUCTS_DIR; };
		53ACF83822B6933000579F81 /* AppDelegate.h */ = {isa = PBXFileReference; lastKnownFileType = sourcecode.c.h; path = AppDelegate.h; sourceTree = "<group>"; };
		53ACF83922B6933000579F81 /* AppDelegate.m */ = {isa = PBXFileReference; lastKnownFileType = sourcecode.c.objc; path = AppDelegate.m; sourceTree = "<group>"; };
		53ACF83B22B6933000579F81 /* ViewController.h */ = {isa = PBXFileReference; lastKnownFileType = sourcecode.c.h; path = ViewController.h; sourceTree = "<group>"; };
		53ACF83C22B6933000579F81 /* ViewController.m */ = {isa = PBXFileReference; lastKnownFileType = sourcecode.c.objc; path = ViewController.m; sourceTree = "<group>"; };
		53ACF83F22B6933000579F81 /* Base */ = {isa = PBXFileReference; lastKnownFileType = file.storyboard; name = Base; path = Base.lproj/Main.storyboard; sourceTree = "<group>"; };
		53ACF84122B6933100579F81 /* Assets.xcassets */ = {isa = PBXFileReference; lastKnownFileType = folder.assetcatalog; path = Assets.xcassets; sourceTree = "<group>"; };
		53ACF84422B6933100579F81 /* Base */ = {isa = PBXFileReference; lastKnownFileType = file.storyboard; name = Base; path = Base.lproj/LaunchScreen.storyboard; sourceTree = "<group>"; };
		53ACF84622B6933100579F81 /* Info.plist */ = {isa = PBXFileReference; lastKnownFileType = text.plist.xml; path = Info.plist; sourceTree = "<group>"; };
		53ACF84722B6933100579F81 /* main.m */ = {isa = PBXFileReference; lastKnownFileType = sourcecode.c.objc; path = main.m; sourceTree = "<group>"; };
		53ACF85B22B6938200579F81 /* TestViewController1.h */ = {isa = PBXFileReference; lastKnownFileType = sourcecode.c.h; path = TestViewController1.h; sourceTree = "<group>"; };
		53ACF85C22B6938200579F81 /* TestViewController1.m */ = {isa = PBXFileReference; lastKnownFileType = sourcecode.c.objc; path = TestViewController1.m; sourceTree = "<group>"; };
		53ACF88422B6959600579F81 /* PSSEventSet.m */ = {isa = PBXFileReference; fileEncoding = 4; lastKnownFileType = sourcecode.c.objc; path = PSSEventSet.m; sourceTree = "<group>"; };
		53ACF88522B6959600579F81 /* PSSNotificationCenter.m */ = {isa = PBXFileReference; fileEncoding = 4; lastKnownFileType = sourcecode.c.objc; path = PSSNotificationCenter.m; sourceTree = "<group>"; };
		53ACF88622B6959600579F81 /* NSObject+PSSNotification.m */ = {isa = PBXFileReference; fileEncoding = 4; lastKnownFileType = sourcecode.c.objc; path = "NSObject+PSSNotification.m"; sourceTree = "<group>"; };
		53ACF88722B6959600579F81 /* PSSBlockObject.h */ = {isa = PBXFileReference; fileEncoding = 4; lastKnownFileType = sourcecode.c.h; path = PSSBlockObject.h; sourceTree = "<group>"; };
		53ACF88822B6959600579F81 /* PSSNotificationCenter.h */ = {isa = PBXFileReference; fileEncoding = 4; lastKnownFileType = sourcecode.c.h; path = PSSNotificationCenter.h; sourceTree = "<group>"; };
		53ACF88922B6959600579F81 /* PSSEventSet.h */ = {isa = PBXFileReference; fileEncoding = 4; lastKnownFileType = sourcecode.c.h; path = PSSEventSet.h; sourceTree = "<group>"; };
		53ACF88A22B6959600579F81 /* NSObject+PSSNotification.h */ = {isa = PBXFileReference; fileEncoding = 4; lastKnownFileType = sourcecode.c.h; path = "NSObject+PSSNotification.h"; sourceTree = "<group>"; };
		53ACF88B22B6959600579F81 /* PSSBlockObject.m */ = {isa = PBXFileReference; fileEncoding = 4; lastKnownFileType = sourcecode.c.objc; path = PSSBlockObject.m; sourceTree = "<group>"; };
/* End PBXFileReference section */

/* Begin PBXFrameworksBuildPhase section */
		53ACF83222B6933000579F81 /* Frameworks */ = {
			isa = PBXFrameworksBuildPhase;
			buildActionMask = 2147483647;
			files = (
			);
			runOnlyForDeploymentPostprocessing = 0;
		};
/* End PBXFrameworksBuildPhase section */

/* Begin PBXGroup section */
		53ACF82C22B6933000579F81 = {
			isa = PBXGroup;
			children = (
				53ACF83722B6933000579F81 /* WJGNotification */,
				53ACF83622B6933000579F81 /* Products */,
			);
			sourceTree = "<group>";
		};
		53ACF83622B6933000579F81 /* Products */ = {
			isa = PBXGroup;
			children = (
				53ACF83522B6933000579F81 /* WJGNotification.app */,
			);
			name = Products;
			sourceTree = "<group>";
		};
		53ACF83722B6933000579F81 /* WJGNotification */ = {
			isa = PBXGroup;
			children = (
				53ACF88322B6959600579F81 /* PSSNotification */,
				53ACF83822B6933000579F81 /* AppDelegate.h */,
				53ACF83922B6933000579F81 /* AppDelegate.m */,
				53ACF83B22B6933000579F81 /* ViewController.h */,
				53ACF83C22B6933000579F81 /* ViewController.m */,
				53ACF85B22B6938200579F81 /* TestViewController1.h */,
				53ACF85C22B6938200579F81 /* TestViewController1.m */,
				53ACF83E22B6933000579F81 /* Main.storyboard */,
				53ACF84122B6933100579F81 /* Assets.xcassets */,
				53ACF84322B6933100579F81 /* LaunchScreen.storyboard */,
				53ACF84622B6933100579F81 /* Info.plist */,
				53ACF84722B6933100579F81 /* main.m */,
			);
			path = WJGNotification;
			sourceTree = "<group>";
		};
		53ACF88322B6959600579F81 /* PSSNotification */ = {
			isa = PBXGroup;
			children = (
				53ACF88422B6959600579F81 /* PSSEventSet.m */,
				53ACF88522B6959600579F81 /* PSSNotificationCenter.m */,
				53ACF88622B6959600579F81 /* NSObject+PSSNotification.m */,
				53ACF88722B6959600579F81 /* PSSBlockObject.h */,
				53ACF88822B6959600579F81 /* PSSNotificationCenter.h */,
				53ACF88922B6959600579F81 /* PSSEventSet.h */,
				53ACF88A22B6959600579F81 /* NSObject+PSSNotification.h */,
				53ACF88B22B6959600579F81 /* PSSBlockObject.m */,
			);
			path = PSSNotification;
			sourceTree = "<group>";
		};
/* End PBXGroup section */

/* Begin PBXNativeTarget section */
		53ACF83422B6933000579F81 /* WJGNotification */ = {
			isa = PBXNativeTarget;
			buildConfigurationList = 53ACF84B22B6933100579F81 /* Build configuration list for PBXNativeTarget "WJGNotification" */;
			buildPhases = (
				53ACF83122B6933000579F81 /* Sources */,
				53ACF83222B6933000579F81 /* Frameworks */,
				53ACF83322B6933000579F81 /* Resources */,
			);
			buildRules = (
			);
			dependencies = (
			);
			name = WJGNotification;
			productName = WJGNotification;
			productReference = 53ACF83522B6933000579F81 /* WJGNotification.app */;
			productType = "com.apple.product-type.application";
		};
/* End PBXNativeTarget section */

/* Begin PBXProject section */
		53ACF82D22B6933000579F81 /* Project object */ = {
			isa = PBXProject;
			attributes = {
				LastUpgradeCheck = 1020;
				ORGANIZATIONNAME = wangjungang;
				TargetAttributes = {
					53ACF83422B6933000579F81 = {
						CreatedOnToolsVersion = 10.2.1;
					};
				};
			};
			buildConfigurationList = 53ACF83022B6933000579F81 /* Build configuration list for PBXProject "WJGNotification" */;
			compatibilityVersion = "Xcode 9.3";
			developmentRegion = en;
			hasScannedForEncodings = 0;
			knownRegions = (
				en,
				Base,
			);
			mainGroup = 53ACF82C22B6933000579F81;
			productRefGroup = 53ACF83622B6933000579F81 /* Products */;
			projectDirPath = "";
			projectRoot = "";
			targets = (
				53ACF83422B6933000579F81 /* WJGNotification */,
			);
		};
/* End PBXProject section */

/* Begin PBXResourcesBuildPhase section */
		53ACF83322B6933000579F81 /* Resources */ = {
			isa = PBXResourcesBuildPhase;
			buildActionMask = 2147483647;
			files = (
				53ACF84522B6933100579F81 /* LaunchScreen.storyboard in Resources */,
				53ACF84222B6933100579F81 /* Assets.xcassets in Resources */,
				53ACF84022B6933000579F81 /* Main.storyboard in Resources */,
			);
			runOnlyForDeploymentPostprocessing = 0;
		};
/* End PBXResourcesBuildPhase section */

/* Begin PBXSourcesBuildPhase section */
		53ACF83122B6933000579F81 /* Sources */ = {
			isa = PBXSourcesBuildPhase;
			buildActionMask = 2147483647;
			files = (
				53ACF85D22B6938200579F81 /* TestViewController1.m in Sources */,
				53ACF83D22B6933000579F81 /* ViewController.m in Sources */,
				53ACF88D22B6959600579F81 /* PSSNotificationCenter.m in Sources */,
				53ACF88F22B6959600579F81 /* PSSBlockObject.m in Sources */,
				53ACF84822B6933100579F81 /* main.m in Sources */,
				53ACF83A22B6933000579F81 /* AppDelegate.m in Sources */,
				53ACF88C22B6959600579F81 /* PSSEventSet.m in Sources */,
				53ACF88E22B6959600579F81 /* NSObject+PSSNotification.m in Sources */,
			);
			runOnlyForDeploymentPostprocessing = 0;
		};
/* End PBXSourcesBuildPhase section */

/* Begin PBXVariantGroup section */
		53ACF83E22B6933000579F81 /* Main.storyboard */ = {
			isa = PBXVariantGroup;
			children = (
				53ACF83F22B6933000579F81 /* Base */,
			);
			name = Main.storyboard;
			sourceTree = "<group>";
		};
		53ACF84322B6933100579F81 /* LaunchScreen.storyboard */ = {
			isa = PBXVariantGroup;
			children = (
				53ACF84422B6933100579F81 /* Base */,
			);
			name = LaunchScreen.storyboard;
			sourceTree = "<group>";
		};
/* End PBXVariantGroup section */

/* Begin XCBuildConfiguration section */
		53ACF84922B6933100579F81 /* Debug */ = {
			isa = XCBuildConfiguration;
			buildSettings = {
				ALWAYS_SEARCH_USER_PATHS = NO;
				CLANG_ANALYZER_NONNULL = YES;
				CLANG_ANALYZER_NUMBER_OBJECT_CONVERSION = YES_AGGRESSIVE;
				CLANG_CXX_LANGUAGE_STANDARD = "gnu++14";
				CLANG_CXX_LIBRARY = "libc++";
				CLANG_ENABLE_MODULES = YES;
				CLANG_ENABLE_OBJC_ARC = YES;
				CLANG_ENABLE_OBJC_WEAK = YES;
				CLANG_WARN_BLOCK_CAPTURE_AUTORELEASING = YES;
				CLANG_WARN_BOOL_CONVERSION = YES;
				CLANG_WARN_COMMA = YES;
				CLANG_WARN_CONSTANT_CONVERSION = YES;
				CLANG_WARN_DEPRECATED_OBJC_IMPLEMENTATIONS = YES;
				CLANG_WARN_DIRECT_OBJC_ISA_USAGE = YES_ERROR;
				CLANG_WARN_DOCUMENTATION_COMMENTS = YES;
				CLANG_WARN_EMPTY_BODY = YES;
				CLANG_WARN_ENUM_CONVERSION = YES;
				CLANG_WARN_INFINITE_RECURSION = YES;
				CLANG_WARN_INT_CONVERSION = YES;
				CLANG_WARN_NON_LITERAL_NULL_CONVERSION = YES;
				CLANG_WARN_OBJC_IMPLICIT_RETAIN_SELF = YES;
				CLANG_WARN_OBJC_LITERAL_CONVERSION = YES;
				CLANG_WARN_OBJC_ROOT_CLASS = YES_ERROR;
				CLANG_WARN_RANGE_LOOP_ANALYSIS = YES;
				CLANG_WARN_STRICT_PROTOTYPES = YES;
				CLANG_WARN_SUSPICIOUS_MOVE = YES;
				CLANG_WARN_UNGUARDED_AVAILABILITY = YES_AGGRESSIVE;
				CLANG_WARN_UNREACHABLE_CODE = YES;
				CLANG_WARN__DUPLICATE_METHOD_MATCH = YES;
				CODE_SIGN_IDENTITY = "iPhone Developer";
				COPY_PHASE_STRIP = NO;
				DEBUG_INFORMATION_FORMAT = dwarf;
				ENABLE_STRICT_OBJC_MSGSEND = YES;
				ENABLE_TESTABILITY = YES;
				GCC_C_LANGUAGE_STANDARD = gnu11;
				GCC_DYNAMIC_NO_PIC = NO;
				GCC_NO_COMMON_BLOCKS = YES;
				GCC_OPTIMIZATION_LEVEL = 0;
				GCC_PREPROCESSOR_DEFINITIONS = (
					"DEBUG=1",
					"$(inherited)",
				);
				GCC_WARN_64_TO_32_BIT_CONVERSION = YES;
				GCC_WARN_ABOUT_RETURN_TYPE = YES_ERROR;
				GCC_WARN_UNDECLARED_SELECTOR = YES;
				GCC_WARN_UNINITIALIZED_AUTOS = YES_AGGRESSIVE;
				GCC_WARN_UNUSED_FUNCTION = YES;
				GCC_WARN_UNUSED_VARIABLE = YES;
				IPHONEOS_DEPLOYMENT_TARGET = 12.2;
				MTL_ENABLE_DEBUG_INFO = INCLUDE_SOURCE;
				MTL_FAST_MATH = YES;
				ONLY_ACTIVE_ARCH = YES;
				SDKROOT = iphoneos;
			};
			name = Debug;
		};
		53ACF84A22B6933100579F81 /* Release */ = {
			isa = XCBuildConfiguration;
			buildSettings = {
				ALWAYS_SEARCH_USER_PATHS = NO;
				CLANG_ANALYZER_NONNULL = YES;
				CLANG_ANALYZER_NUMBER_OBJECT_CONVERSION = YES_AGGRESSIVE;
				CLANG_CXX_LANGUAGE_STANDARD = "gnu++14";
				CLANG_CXX_LIBRARY = "libc++";
				CLANG_ENABLE_MODULES = YES;
				CLANG_ENABLE_OBJC_ARC = YES;
				CLANG_ENABLE_OBJC_WEAK = YES;
				CLANG_WARN_BLOCK_CAPTURE_AUTORELEASING = YES;
				CLANG_WARN_BOOL_CONVERSION = YES;
				CLANG_WARN_COMMA = YES;
				CLANG_WARN_CONSTANT_CONVERSION = YES;
				CLANG_WARN_DEPRECATED_OBJC_IMPLEMENTATIONS = YES;
				CLANG_WARN_DIRECT_OBJC_ISA_USAGE = YES_ERROR;
				CLANG_WARN_DOCUMENTATION_COMMENTS = YES;
				CLANG_WARN_EMPTY_BODY = YES;
				CLANG_WARN_ENUM_CONVERSION = YES;
				CLANG_WARN_INFINITE_RECURSION = YES;
				CLANG_WARN_INT_CONVERSION = YES;
				CLANG_WARN_NON_LITERAL_NULL_CONVERSION = YES;
				CLANG_WARN_OBJC_IMPLICIT_RETAIN_SELF = YES;
				CLANG_WARN_OBJC_LITERAL_CONVERSION = YES;
				CLANG_WARN_OBJC_ROOT_CLASS = YES_ERROR;
				CLANG_WARN_RANGE_LOOP_ANALYSIS = YES;
				CLANG_WARN_STRICT_PROTOTYPES = YES;
				CLANG_WARN_SUSPICIOUS_MOVE = YES;
				CLANG_WARN_UNGUARDED_AVAILABILITY = YES_AGGRESSIVE;
				CLANG_WARN_UNREACHABLE_CODE = YES;
				CLANG_WARN__DUPLICATE_METHOD_MATCH = YES;
				CODE_SIGN_IDENTITY = "iPhone Developer";
				COPY_PHASE_STRIP = NO;
				DEBUG_INFORMATION_FORMAT = "dwarf-with-dsym";
				ENABLE_NS_ASSERTIONS = NO;
				ENABLE_STRICT_OBJC_MSGSEND = YES;
				GCC_C_LANGUAGE_STANDARD = gnu11;
				GCC_NO_COMMON_BLOCKS = YES;
				GCC_WARN_64_TO_32_BIT_CONVERSION = YES;
				GCC_WARN_ABOUT_RETURN_TYPE = YES_ERROR;
				GCC_WARN_UNDECLARED_SELECTOR = YES;
				GCC_WARN_UNINITIALIZED_AUTOS = YES_AGGRESSIVE;
				GCC_WARN_UNUSED_FUNCTION = YES;
				GCC_WARN_UNUSED_VARIABLE = YES;
				IPHONEOS_DEPLOYMENT_TARGET = 12.2;
				MTL_ENABLE_DEBUG_INFO = NO;
				MTL_FAST_MATH = YES;
				SDKROOT = iphoneos;
				VALIDATE_PRODUCT = YES;
			};
			name = Release;
		};
		53ACF84C22B6933100579F81 /* Debug */ = {
			isa = XCBuildConfiguration;
			buildSettings = {
				ASSETCATALOG_COMPILER_APPICON_NAME = AppIcon;
				CODE_SIGN_STYLE = Automatic;
				DEVELOPMENT_TEAM = GK32MS57S7;
				INFOPLIST_FILE = WJGNotification/Info.plist;
				LD_RUNPATH_SEARCH_PATHS = (
					"$(inherited)",
					"@executable_path/Frameworks",
				);
				PRODUCT_BUNDLE_IDENTIFIER = com.xykj.wangjungang.WJGNotification;
				PRODUCT_NAME = "$(TARGET_NAME)";
				TARGETED_DEVICE_FAMILY = "1,2";
			};
			name = Debug;
		};
		53ACF84D22B6933100579F81 /* Release */ = {
			isa = XCBuildConfiguration;
			buildSettings = {
				ASSETCATALOG_COMPILER_APPICON_NAME = AppIcon;
				CODE_SIGN_STYLE = Automatic;
				DEVELOPMENT_TEAM = GK32MS57S7;
				INFOPLIST_FILE = WJGNotification/Info.plist;
				LD_RUNPATH_SEARCH_PATHS = (
					"$(inherited)",
					"@executable_path/Frameworks",
				);
				PRODUCT_BUNDLE_IDENTIFIER = com.xykj.wangjungang.WJGNotification;
				PRODUCT_NAME = "$(TARGET_NAME)";
				TARGETED_DEVICE_FAMILY = "1,2";
			};
			name = Release;
		};
/* End XCBuildConfiguration section */

/* Begin XCConfigurationList section */
		53ACF83022B6933000579F81 /* Build configuration list for PBXProject "WJGNotification" */ = {
			isa = XCConfigurationList;
			buildConfigurations = (
				53ACF84922B6933100579F81 /* Debug */,
				53ACF84A22B6933100579F81 /* Release */,
			);
			defaultConfigurationIsVisible = 0;
			defaultConfigurationName = Release;
		};
		53ACF84B22B6933100579F81 /* Build configuration list for PBXNativeTarget "WJGNotification" */ = {
			isa = XCConfigurationList;
			buildConfigurations = (
				53ACF84C22B6933100579F81 /* Debug */,
				53ACF84D22B6933100579F81 /* Release */,
			);
			defaultConfigurationIsVisible = 0;
			defaultConfigurationName = Release;
		};
/* End XCConfigurationList section */
	};
	rootObject = 53ACF82D22B6933000579F81 /* Project object */;
}
